
Microsoft Visual Studio Solution File, Format Version 12.00
# Visual Studio Version 16
VisualStudioVersion = 16.0.31624.102
MinimumVisualStudioVersion = 10.0.40219.1
Project("{FAE04EC0-301F-11D3-BF4B-00C04F79EFBC}") = "OGT2SA_HFT_2021221.Client", "OGT2SA_HFT_2021221.Client\OGT2SA_HFT_2021221.Client.csproj", "{ECC1C8A4-CACA-4A84-9653-58DC5577052B}"
EndProject
Project("{FAE04EC0-301F-11D3-BF4B-00C04F79EFBC}") = "OGT2SA_HFT_2021221.Models", "OGT2SA_HFT_2021221.Models\OGT2SA_HFT_2021221.Models.csproj", "{CD682871-F150-4698-9A6B-62D5ABF6EB99}"
EndProject
Project("{FAE04EC0-301F-11D3-BF4B-00C04F79EFBC}") = "OGT2SA_HFT_2021221.Data", "OGT2SA_HFT_2021221.Data\OGT2SA_HFT_2021221.Data.csproj", "{2C1A14BB-6BD6-4010-A834-030EC061412B}"
EndProject
Project("{FAE04EC0-301F-11D3-BF4B-00C04F79EFBC}") = "OGT2SA_HFT_2021221.Logic", "OGT2SA_HFT_2021221.Logic\OGT2SA_HFT_2021221.Logic.csproj", "{1C054A0A-76D0-4CBB-9AC7-03F7B5217AB5}"
EndProject
Project("{FAE04EC0-301F-11D3-BF4B-00C04F79EFBC}") = "OGT2SA_HFT_2021221.Repository", "OGT2SA_HFT_2021221.Repository\OGT2SA_HFT_2021221.Repository.csproj", "{D6F1B447-70DE-4886-9597-9D60B00397D5}"
EndProject
Project("{FAE04EC0-301F-11D3-BF4B-00C04F79EFBC}") = "OGT2SA_HFT_2021221.Endpoint", "OGT2SA_HFT_2021221.Endpoint\OGT2SA_HFT_2021221.Endpoint.csproj", "{2BEDB6AC-43C4-4BC3-BE44-BDD7733BC353}"
EndProject
Project("{FAE04EC0-301F-11D3-BF4B-00C04F79EFBC}") = "OGT2SA_HFT_2021221.Test", "OGT2SA_HFT_2021221.Test\OGT2SA_HFT_2021221.Test.csproj", "{CC44C41E-CD95-4698-829E-AA10607F8723}"
EndProject
Project("{2150E333-8FDC-42A3-9474-1A3956D46DE8}") = "Backend", "Backend", "{D44B953C-A0E4-49D4-97FD-18EFF9B1D010}"
EndProject
Project("{2150E333-8FDC-42A3-9474-1A3956D46DE8}") = "Frontend", "Frontend", "{A930CA48-EBAB-4E1F-88A5-23E4C0A13563}"
EndProject
Project("{2150E333-8FDC-42A3-9474-1A3956D46DE8}") = "Shared", "Shared", "{64C659D5-F6D8-4F72-AC1E-0E203403F440}"
EndProject
Project("{2150E333-8FDC-42A3-9474-1A3956D46DE8}") = "Others", "Others", "{D2BF3B72-41B5-45A0-AB05-CB5E8FE742CF}"
	ProjectSection(SolutionItems) = preProject
		.gitignore = .gitignore
	EndProjectSection
EndProject
Global
	GlobalSection(SolutionConfigurationPlatforms) = preSolution
		Debug|Any CPU = Debug|Any CPU
		Release|Any CPU = Release|Any CPU
	EndGlobalSection
	GlobalSection(ProjectConfigurationPlatforms) = postSolution
		{ECC1C8A4-CACA-4A84-9653-58DC5577052B}.Debug|Any CPU.ActiveCfg = Debug|Any CPU
		{ECC1C8A4-CACA-4A84-9653-58DC5577052B}.Debug|Any CPU.Build.0 = Debug|Any CPU
		{ECC1C8A4-CACA-4A84-9653-58DC5577052B}.Release|Any CPU.ActiveCfg = Release|Any CPU
		{ECC1C8A4-CACA-4A84-9653-58DC5577052B}.Release|Any CPU.Build.0 = Release|Any CPU
		{CD682871-F150-4698-9A6B-62D5ABF6EB99}.Debug|Any CPU.ActiveCfg = Debug|Any CPU
		{CD682871-F150-4698-9A6B-62D5ABF6EB99}.Debug|Any CPU.Build.0 = Debug|Any CPU
		{CD682871-F150-4698-9A6B-62D5ABF6EB99}.Release|Any CPU.ActiveCfg = Release|Any CPU
		{CD682871-F150-4698-9A6B-62D5ABF6EB99}.Release|Any CPU.Build.0 = Release|Any CPU
		{2C1A14BB-6BD6-4010-A834-030EC061412B}.Debug|Any CPU.ActiveCfg = Debug|Any CPU
		{2C1A14BB-6BD6-4010-A834-030EC061412B}.Debug|Any CPU.Build.0 = Debug|Any CPU
		{2C1A14BB-6BD6-4010-A834-030EC061412B}.Release|Any CPU.ActiveCfg = Release|Any CPU
		{2C1A14BB-6BD6-4010-A834-030EC061412B}.Release|Any CPU.Build.0 = Release|Any CPU
		{1C054A0A-76D0-4CBB-9AC7-03F7B5217AB5}.Debug|Any CPU.ActiveCfg = Debug|Any CPU
		{1C054A0A-76D0-4CBB-9AC7-03F7B5217AB5}.Debug|Any CPU.Build.0 = Debug|Any CPU
		{1C054A0A-76D0-4CBB-9AC7-03F7B5217AB5}.Release|Any CPU.ActiveCfg = Release|Any CPU
		{1C054A0A-76D0-4CBB-9AC7-03F7B5217AB5}.Release|Any CPU.Build.0 = Release|Any CPU
		{D6F1B447-70DE-4886-9597-9D60B00397D5}.Debug|Any CPU.ActiveCfg = Debug|Any CPU
		{D6F1B447-70DE-4886-9597-9D60B00397D5}.Debug|Any CPU.Build.0 = Debug|Any CPU
		{D6F1B447-70DE-4886-9597-9D60B00397D5}.Release|Any CPU.ActiveCfg = Release|Any CPU
		{D6F1B447-70DE-4886-9597-9D60B00397D5}.Release|Any CPU.Build.0 = Release|Any CPU
		{2BEDB6AC-43C4-4BC3-BE44-BDD7733BC353}.Debug|Any CPU.ActiveCfg = Debug|Any CPU
		{2BEDB6AC-43C4-4BC3-BE44-BDD7733BC353}.Debug|Any CPU.Build.0 = Debug|Any CPU
		{2BEDB6AC-43C4-4BC3-BE44-BDD7733BC353}.Release|Any CPU.ActiveCfg = Release|Any CPU
		{2BEDB6AC-43C4-4BC3-BE44-BDD7733BC353}.Release|Any CPU.Build.0 = Release|Any CPU
		{CC44C41E-CD95-4698-829E-AA10607F8723}.Debug|Any CPU.ActiveCfg = Debug|Any CPU
		{CC44C41E-CD95-4698-829E-AA10607F8723}.Debug|Any CPU.Build.0 = Debug|Any CPU
		{CC44C41E-CD95-4698-829E-AA10607F8723}.Release|Any CPU.ActiveCfg = Release|Any CPU
		{CC44C41E-CD95-4698-829E-AA10607F8723}.Release|Any CPU.Build.0 = Release|Any CPU
	EndGlobalSection
	GlobalSection(SolutionProperties) = preSolution
		HideSolutionNode = FALSE
	EndGlobalSection
	GlobalSection(NestedProjects) = preSolution
		{ECC1C8A4-CACA-4A84-9653-58DC5577052B} = {A930CA48-EBAB-4E1F-88A5-23E4C0A13563}
		{CD682871-F150-4698-9A6B-62D5ABF6EB99} = {64C659D5-F6D8-4F72-AC1E-0E203403F440}
		{2C1A14BB-6BD6-4010-A834-030EC061412B} = {D44B953C-A0E4-49D4-97FD-18EFF9B1D010}
		{1C054A0A-76D0-4CBB-9AC7-03F7B5217AB5} = {D44B953C-A0E4-49D4-97FD-18EFF9B1D010}
		{D6F1B447-70DE-4886-9597-9D60B00397D5} = {D44B953C-A0E4-49D4-97FD-18EFF9B1D010}
		{2BEDB6AC-43C4-4BC3-BE44-BDD7733BC353} = {D44B953C-A0E4-49D4-97FD-18EFF9B1D010}
		{CC44C41E-CD95-4698-829E-AA10607F8723} = {D44B953C-A0E4-49D4-97FD-18EFF9B1D010}
	EndGlobalSection
	GlobalSection(ExtensibilityGlobals) = postSolution
		SolutionGuid = {3FECC877-AF69-4CF4-9421-CE15D81CC2CE}
	EndGlobalSection
EndGlobal
